// !$*UTF8*$!
{
	archiveVersion = 1;
	classes = {
	};
	objectVersion = 48;
	objects = {

/* Begin PBXBuildFile section */
		491988871FD4392D0077D130 /* SKCollectionViewXEmptyCase.swift in Sources */ = {isa = PBXBuildFile; fileRef = 491988861FD4392D0077D130 /* SKCollectionViewXEmptyCase.swift */; };
		4919888B1FD43A6D0077D130 /* SKCollectionEmptyCaseCCell.swift in Sources */ = {isa = PBXBuildFile; fileRef = 491988891FD43A6D0077D130 /* SKCollectionEmptyCaseCCell.swift */; };
		4919888C1FD43A6D0077D130 /* SKCollectionEmptyCaseCCell.xib in Resources */ = {isa = PBXBuildFile; fileRef = 4919888A1FD43A6D0077D130 /* SKCollectionEmptyCaseCCell.xib */; };
		4919888E1FD43A810077D130 /* SKCollectionEmptyCaseCModel.swift in Sources */ = {isa = PBXBuildFile; fileRef = 4919888D1FD43A810077D130 /* SKCollectionEmptyCaseCModel.swift */; };
		491988911FD469990077D130 /* SKButtonInfo.swift in Sources */ = {isa = PBXBuildFile; fileRef = 491988901FD469990077D130 /* SKButtonInfo.swift */; };
		491988931FD469C20077D130 /* SKEmptyCaseInfo.swift in Sources */ = {isa = PBXBuildFile; fileRef = 491988921FD469C20077D130 /* SKEmptyCaseInfo.swift */; };
		49CC3F481FE3BE6D009F2505 /* SKEndlessCCell.swift in Sources */ = {isa = PBXBuildFile; fileRef = 49CC3F461FE3BE6D009F2505 /* SKEndlessCCell.swift */; };
		49CC3F491FE3BE6D009F2505 /* SKEndlessCCell.xib in Resources */ = {isa = PBXBuildFile; fileRef = 49CC3F471FE3BE6D009F2505 /* SKEndlessCCell.xib */; };
		49CC3F4B1FE3BE8D009F2505 /* SKEndlessCModel.swift in Sources */ = {isa = PBXBuildFile; fileRef = 49CC3F4A1FE3BE8D009F2505 /* SKEndlessCModel.swift */; };
		49CC3F521FE3E98E009F2505 /* SKCollectionViewXScrollView.swift in Sources */ = {isa = PBXBuildFile; fileRef = 49CC3F511FE3E98E009F2505 /* SKCollectionViewXScrollView.swift */; };
		49CC3F541FE3EA0A009F2505 /* SKCollectionViewXRegistrations.swift in Sources */ = {isa = PBXBuildFile; fileRef = 49CC3F531FE3EA0A009F2505 /* SKCollectionViewXRegistrations.swift */; };
		49CC3F591FE40CA6009F2505 /* icon_loading.png in Resources */ = {isa = PBXBuildFile; fileRef = 49CC3F581FE40CA6009F2505 /* icon_loading.png */; };
		49CC3F5B1FE443EC009F2505 /* SKCollectionViewXInsertions.swift in Sources */ = {isa = PBXBuildFile; fileRef = 49CC3F5A1FE443EC009F2505 /* SKCollectionViewXInsertions.swift */; };
		49CC3F5D1FE44437009F2505 /* SKCollectionViewXDeletions.swift in Sources */ = {isa = PBXBuildFile; fileRef = 49CC3F5C1FE44437009F2505 /* SKCollectionViewXDeletions.swift */; };
		49CE1BE721C5CF3B00FB2DFA /* SKCollectionViewXMoves.swift in Sources */ = {isa = PBXBuildFile; fileRef = 49CE1BE621C5CF3B00FB2DFA /* SKCollectionViewXMoves.swift */; };
		E2011D1E1F6678B30062168F /* SKCollectionView.framework in Frameworks */ = {isa = PBXBuildFile; fileRef = E2011D141F6678B30062168F /* SKCollectionView.framework */; };
		E2011D231F6678B30062168F /* SKCollectionViewTests.swift in Sources */ = {isa = PBXBuildFile; fileRef = E2011D221F6678B30062168F /* SKCollectionViewTests.swift */; };
		E2011D251F6678B30062168F /* SKCollectionView.h in Headers */ = {isa = PBXBuildFile; fileRef = E2011D171F6678B30062168F /* SKCollectionView.h */; settings = {ATTRIBUTES = (Public, ); }; };
		E2011D391F6679550062168F /* SKCollectionViewXPullToRefresh.swift in Sources */ = {isa = PBXBuildFile; fileRef = E2011D2E1F6679540062168F /* SKCollectionViewXPullToRefresh.swift */; };
		E2011D3A1F6679550062168F /* SKCollectionData.swift in Sources */ = {isa = PBXBuildFile; fileRef = E2011D2F1F6679540062168F /* SKCollectionData.swift */; };
		E2011D3B1F6679550062168F /* SKCollectionView.swift in Sources */ = {isa = PBXBuildFile; fileRef = E2011D301F6679540062168F /* SKCollectionView.swift */; };
		E2011D3C1F6679550062168F /* SKCollectionModelProtocol.swift in Sources */ = {isa = PBXBuildFile; fileRef = E2011D311F6679540062168F /* SKCollectionModelProtocol.swift */; };
		E2011D3D1F6679550062168F /* SKCollectionModel.swift in Sources */ = {isa = PBXBuildFile; fileRef = E2011D321F6679540062168F /* SKCollectionModel.swift */; };
		E2011D3E1F6679550062168F /* SKCollectionViewXDelegate.swift in Sources */ = {isa = PBXBuildFile; fileRef = E2011D331F6679540062168F /* SKCollectionViewXDelegate.swift */; };
		E2011D3F1F6679550062168F /* SKCollectionReusableModel.swift in Sources */ = {isa = PBXBuildFile; fileRef = E2011D341F6679540062168F /* SKCollectionReusableModel.swift */; };
		E2011D401F6679550062168F /* SKCollectionCell.swift in Sources */ = {isa = PBXBuildFile; fileRef = E2011D351F6679540062168F /* SKCollectionCell.swift */; };
		E2011D411F6679550062168F /* SKCollectionReusableView.swift in Sources */ = {isa = PBXBuildFile; fileRef = E2011D361F6679540062168F /* SKCollectionReusableView.swift */; };
		E2011D421F6679550062168F /* SKCollectionViewXDataSource.swift in Sources */ = {isa = PBXBuildFile; fileRef = E2011D371F6679550062168F /* SKCollectionViewXDataSource.swift */; };
		E2011D431F6679550062168F /* SKCollectionViewXDelegateFlowLayout.swift in Sources */ = {isa = PBXBuildFile; fileRef = E2011D381F6679550062168F /* SKCollectionViewXDelegateFlowLayout.swift */; };
		E2011D451F6679D90062168F /* SKExtensions.swift in Sources */ = {isa = PBXBuildFile; fileRef = E2011D441F6679D90062168F /* SKExtensions.swift */; };
/* End PBXBuildFile section */

/* Begin PBXContainerItemProxy section */
		E2011D1F1F6678B30062168F /* PBXContainerItemProxy */ = {
			isa = PBXContainerItemProxy;
			containerPortal = E2011D0B1F6678B30062168F /* Project object */;
			proxyType = 1;
			remoteGlobalIDString = E2011D131F6678B30062168F;
			remoteInfo = SKCollectionView;
		};
/* End PBXContainerItemProxy section */

/* Begin PBXFileReference section */
		491988861FD4392D0077D130 /* SKCollectionViewXEmptyCase.swift */ = {isa = PBXFileReference; lastKnownFileType = sourcecode.swift; path = SKCollectionViewXEmptyCase.swift; sourceTree = "<group>"; };
		491988891FD43A6D0077D130 /* SKCollectionEmptyCaseCCell.swift */ = {isa = PBXFileReference; lastKnownFileType = sourcecode.swift; path = SKCollectionEmptyCaseCCell.swift; sourceTree = "<group>"; };
		4919888A1FD43A6D0077D130 /* SKCollectionEmptyCaseCCell.xib */ = {isa = PBXFileReference; lastKnownFileType = file.xib; path = SKCollectionEmptyCaseCCell.xib; sourceTree = "<group>"; };
		4919888D1FD43A810077D130 /* SKCollectionEmptyCaseCModel.swift */ = {isa = PBXFileReference; lastKnownFileType = sourcecode.swift; path = SKCollectionEmptyCaseCModel.swift; sourceTree = "<group>"; };
		491988901FD469990077D130 /* SKButtonInfo.swift */ = {isa = PBXFileReference; lastKnownFileType = sourcecode.swift; path = SKButtonInfo.swift; sourceTree = "<group>"; };
		491988921FD469C20077D130 /* SKEmptyCaseInfo.swift */ = {isa = PBXFileReference; lastKnownFileType = sourcecode.swift; path = SKEmptyCaseInfo.swift; sourceTree = "<group>"; };
		49CC3F461FE3BE6D009F2505 /* SKEndlessCCell.swift */ = {isa = PBXFileReference; lastKnownFileType = sourcecode.swift; path = SKEndlessCCell.swift; sourceTree = "<group>"; };
		49CC3F471FE3BE6D009F2505 /* SKEndlessCCell.xib */ = {isa = PBXFileReference; lastKnownFileType = file.xib; path = SKEndlessCCell.xib; sourceTree = "<group>"; };
		49CC3F4A1FE3BE8D009F2505 /* SKEndlessCModel.swift */ = {isa = PBXFileReference; lastKnownFileType = sourcecode.swift; path = SKEndlessCModel.swift; sourceTree = "<group>"; };
		49CC3F511FE3E98E009F2505 /* SKCollectionViewXScrollView.swift */ = {isa = PBXFileReference; lastKnownFileType = sourcecode.swift; path = SKCollectionViewXScrollView.swift; sourceTree = "<group>"; };
		49CC3F531FE3EA0A009F2505 /* SKCollectionViewXRegistrations.swift */ = {isa = PBXFileReference; lastKnownFileType = sourcecode.swift; path = SKCollectionViewXRegistrations.swift; sourceTree = "<group>"; };
		49CC3F581FE40CA6009F2505 /* icon_loading.png */ = {isa = PBXFileReference; lastKnownFileType = image.png; path = icon_loading.png; sourceTree = "<group>"; };
		49CC3F5A1FE443EC009F2505 /* SKCollectionViewXInsertions.swift */ = {isa = PBXFileReference; lastKnownFileType = sourcecode.swift; path = SKCollectionViewXInsertions.swift; sourceTree = "<group>"; };
		49CC3F5C1FE44437009F2505 /* SKCollectionViewXDeletions.swift */ = {isa = PBXFileReference; lastKnownFileType = sourcecode.swift; path = SKCollectionViewXDeletions.swift; sourceTree = "<group>"; };
		49CE1BE621C5CF3B00FB2DFA /* SKCollectionViewXMoves.swift */ = {isa = PBXFileReference; lastKnownFileType = sourcecode.swift; name = SKCollectionViewXMoves.swift; path = ../../skcollectionview/SKCollectionView/SKCollectionViewXMoves.swift; sourceTree = "<group>"; };
		E2011D141F6678B30062168F /* SKCollectionView.framework */ = {isa = PBXFileReference; explicitFileType = wrapper.framework; includeInIndex = 0; path = SKCollectionView.framework; sourceTree = BUILT_PRODUCTS_DIR; };
		E2011D171F6678B30062168F /* SKCollectionView.h */ = {isa = PBXFileReference; lastKnownFileType = sourcecode.c.h; path = SKCollectionView.h; sourceTree = "<group>"; };
		E2011D181F6678B30062168F /* Info.plist */ = {isa = PBXFileReference; lastKnownFileType = text.plist.xml; path = Info.plist; sourceTree = "<group>"; };
		E2011D1D1F6678B30062168F /* SKCollectionViewTests.xctest */ = {isa = PBXFileReference; explicitFileType = wrapper.cfbundle; includeInIndex = 0; path = SKCollectionViewTests.xctest; sourceTree = BUILT_PRODUCTS_DIR; };
		E2011D221F6678B30062168F /* SKCollectionViewTests.swift */ = {isa = PBXFileReference; lastKnownFileType = sourcecode.swift; path = SKCollectionViewTests.swift; sourceTree = "<group>"; };
		E2011D241F6678B30062168F /* Info.plist */ = {isa = PBXFileReference; lastKnownFileType = text.plist.xml; path = Info.plist; sourceTree = "<group>"; };
		E2011D2E1F6679540062168F /* SKCollectionViewXPullToRefresh.swift */ = {isa = PBXFileReference; lastKnownFileType = sourcecode.swift; path = SKCollectionViewXPullToRefresh.swift; sourceTree = "<group>"; };
		E2011D2F1F6679540062168F /* SKCollectionData.swift */ = {isa = PBXFileReference; lastKnownFileType = sourcecode.swift; path = SKCollectionData.swift; sourceTree = "<group>"; };
		E2011D301F6679540062168F /* SKCollectionView.swift */ = {isa = PBXFileReference; lastKnownFileType = sourcecode.swift; path = SKCollectionView.swift; sourceTree = "<group>"; };
		E2011D311F6679540062168F /* SKCollectionModelProtocol.swift */ = {isa = PBXFileReference; lastKnownFileType = sourcecode.swift; path = SKCollectionModelProtocol.swift; sourceTree = "<group>"; };
		E2011D321F6679540062168F /* SKCollectionModel.swift */ = {isa = PBXFileReference; lastKnownFileType = sourcecode.swift; path = SKCollectionModel.swift; sourceTree = "<group>"; };
		E2011D331F6679540062168F /* SKCollectionViewXDelegate.swift */ = {isa = PBXFileReference; lastKnownFileType = sourcecode.swift; path = SKCollectionViewXDelegate.swift; sourceTree = "<group>"; };
		E2011D341F6679540062168F /* SKCollectionReusableModel.swift */ = {isa = PBXFileReference; lastKnownFileType = sourcecode.swift; path = SKCollectionReusableModel.swift; sourceTree = "<group>"; };
		E2011D351F6679540062168F /* SKCollectionCell.swift */ = {isa = PBXFileReference; lastKnownFileType = sourcecode.swift; path = SKCollectionCell.swift; sourceTree = "<group>"; };
		E2011D361F6679540062168F /* SKCollectionReusableView.swift */ = {isa = PBXFileReference; lastKnownFileType = sourcecode.swift; path = SKCollectionReusableView.swift; sourceTree = "<group>"; };
		E2011D371F6679550062168F /* SKCollectionViewXDataSource.swift */ = {isa = PBXFileReference; lastKnownFileType = sourcecode.swift; path = SKCollectionViewXDataSource.swift; sourceTree = "<group>"; };
		E2011D381F6679550062168F /* SKCollectionViewXDelegateFlowLayout.swift */ = {isa = PBXFileReference; lastKnownFileType = sourcecode.swift; path = SKCollectionViewXDelegateFlowLayout.swift; sourceTree = "<group>"; };
		E2011D441F6679D90062168F /* SKExtensions.swift */ = {isa = PBXFileReference; lastKnownFileType = sourcecode.swift; path = SKExtensions.swift; sourceTree = "<group>"; };
/* End PBXFileReference section */

/* Begin PBXFrameworksBuildPhase section */
		E2011D101F6678B30062168F /* Frameworks */ = {
			isa = PBXFrameworksBuildPhase;
			buildActionMask = 2147483647;
			files = (
			);
			runOnlyForDeploymentPostprocessing = 0;
		};
		E2011D1A1F6678B30062168F /* Frameworks */ = {
			isa = PBXFrameworksBuildPhase;
			buildActionMask = 2147483647;
			files = (
				E2011D1E1F6678B30062168F /* SKCollectionView.framework in Frameworks */,
			);
			runOnlyForDeploymentPostprocessing = 0;
		};
/* End PBXFrameworksBuildPhase section */

/* Begin PBXGroup section */
		491988881FD43A230077D130 /* SKCollectionEmptyCaseCM */ = {
			isa = PBXGroup;
			children = (
				491988891FD43A6D0077D130 /* SKCollectionEmptyCaseCCell.swift */,
				4919888D1FD43A810077D130 /* SKCollectionEmptyCaseCModel.swift */,
			);
			path = SKCollectionEmptyCaseCM;
			sourceTree = "<group>";
		};
		4919888F1FD469840077D130 /* Models */ = {
			isa = PBXGroup;
			children = (
				491988881FD43A230077D130 /* SKCollectionEmptyCaseCM */,
				49CC3F451FE3BDFD009F2505 /* SKEndlessCM */,
				491988901FD469990077D130 /* SKButtonInfo.swift */,
				491988921FD469C20077D130 /* SKEmptyCaseInfo.swift */,
			);
			path = Models;
			sourceTree = "<group>";
		};
		49CC3F451FE3BDFD009F2505 /* SKEndlessCM */ = {
			isa = PBXGroup;
			children = (
				49CC3F461FE3BE6D009F2505 /* SKEndlessCCell.swift */,
				49CC3F4A1FE3BE8D009F2505 /* SKEndlessCModel.swift */,
			);
			path = SKEndlessCM;
			sourceTree = "<group>";
		};
		49CC3F551FE40C6D009F2505 /* Resources */ = {
			isa = PBXGroup;
			children = (
				49CC3F581FE40CA6009F2505 /* icon_loading.png */,
				4919888A1FD43A6D0077D130 /* SKCollectionEmptyCaseCCell.xib */,
				49CC3F471FE3BE6D009F2505 /* SKEndlessCCell.xib */,
			);
			path = Resources;
			sourceTree = "<group>";
		};
		E2011D0A1F6678B30062168F = {
			isa = PBXGroup;
			children = (
				E2011D161F6678B30062168F /* SKCollectionView */,
				E2011D211F6678B30062168F /* SKCollectionViewTests */,
				E2011D151F6678B30062168F /* Products */,
			);
			sourceTree = "<group>";
		};
		E2011D151F6678B30062168F /* Products */ = {
			isa = PBXGroup;
			children = (
				E2011D141F6678B30062168F /* SKCollectionView.framework */,
				E2011D1D1F6678B30062168F /* SKCollectionViewTests.xctest */,
			);
			name = Products;
			sourceTree = "<group>";
		};
		E2011D161F6678B30062168F /* SKCollectionView */ = {
			isa = PBXGroup;
			children = (
				49CC3F551FE40C6D009F2505 /* Resources */,
				4919888F1FD469840077D130 /* Models */,
				E2011D351F6679540062168F /* SKCollectionCell.swift */,
				E2011D2F1F6679540062168F /* SKCollectionData.swift */,
				E2011D321F6679540062168F /* SKCollectionModel.swift */,
				E2011D311F6679540062168F /* SKCollectionModelProtocol.swift */,
				E2011D341F6679540062168F /* SKCollectionReusableModel.swift */,
				E2011D361F6679540062168F /* SKCollectionReusableView.swift */,
				E2011D301F6679540062168F /* SKCollectionView.swift */,
				E2011D371F6679550062168F /* SKCollectionViewXDataSource.swift */,
				E2011D331F6679540062168F /* SKCollectionViewXDelegate.swift */,
				E2011D381F6679550062168F /* SKCollectionViewXDelegateFlowLayout.swift */,
				E2011D2E1F6679540062168F /* SKCollectionViewXPullToRefresh.swift */,
				491988861FD4392D0077D130 /* SKCollectionViewXEmptyCase.swift */,
				49CC3F511FE3E98E009F2505 /* SKCollectionViewXScrollView.swift */,
				49CC3F531FE3EA0A009F2505 /* SKCollectionViewXRegistrations.swift */,
				49CC3F5A1FE443EC009F2505 /* SKCollectionViewXInsertions.swift */,
				49CC3F5C1FE44437009F2505 /* SKCollectionViewXDeletions.swift */,
				49CE1BE621C5CF3B00FB2DFA /* SKCollectionViewXMoves.swift */,
				E2011D441F6679D90062168F /* SKExtensions.swift */,
				E2011D171F6678B30062168F /* SKCollectionView.h */,
				E2011D181F6678B30062168F /* Info.plist */,
			);
			path = SKCollectionView;
			sourceTree = "<group>";
		};
		E2011D211F6678B30062168F /* SKCollectionViewTests */ = {
			isa = PBXGroup;
			children = (
				E2011D221F6678B30062168F /* SKCollectionViewTests.swift */,
				E2011D241F6678B30062168F /* Info.plist */,
			);
			path = SKCollectionViewTests;
			sourceTree = "<group>";
		};
/* End PBXGroup section */

/* Begin PBXHeadersBuildPhase section */
		E2011D111F6678B30062168F /* Headers */ = {
			isa = PBXHeadersBuildPhase;
			buildActionMask = 2147483647;
			files = (
				E2011D251F6678B30062168F /* SKCollectionView.h in Headers */,
			);
			runOnlyForDeploymentPostprocessing = 0;
		};
/* End PBXHeadersBuildPhase section */

/* Begin PBXNativeTarget section */
		E2011D131F6678B30062168F /* SKCollectionView */ = {
			isa = PBXNativeTarget;
			buildConfigurationList = E2011D281F6678B30062168F /* Build configuration list for PBXNativeTarget "SKCollectionView" */;
			buildPhases = (
				E2011D0F1F6678B30062168F /* Sources */,
				E2011D101F6678B30062168F /* Frameworks */,
				E2011D111F6678B30062168F /* Headers */,
				E2011D121F6678B30062168F /* Resources */,
			);
			buildRules = (
			);
			dependencies = (
			);
			name = SKCollectionView;
			productName = SKCollectionView;
			productReference = E2011D141F6678B30062168F /* SKCollectionView.framework */;
			productType = "com.apple.product-type.framework";
		};
		E2011D1C1F6678B30062168F /* SKCollectionViewTests */ = {
			isa = PBXNativeTarget;
			buildConfigurationList = E2011D2B1F6678B30062168F /* Build configuration list for PBXNativeTarget "SKCollectionViewTests" */;
			buildPhases = (
				E2011D191F6678B30062168F /* Sources */,
				E2011D1A1F6678B30062168F /* Frameworks */,
				E2011D1B1F6678B30062168F /* Resources */,
			);
			buildRules = (
			);
			dependencies = (
				E2011D201F6678B30062168F /* PBXTargetDependency */,
			);
			name = SKCollectionViewTests;
			productName = SKCollectionViewTests;
			productReference = E2011D1D1F6678B30062168F /* SKCollectionViewTests.xctest */;
			productType = "com.apple.product-type.bundle.unit-test";
		};
/* End PBXNativeTarget section */

/* Begin PBXProject section */
		E2011D0B1F6678B30062168F /* Project object */ = {
			isa = PBXProject;
			attributes = {
				LastSwiftUpdateCheck = 0900;
				LastUpgradeCheck = 0930;
				ORGANIZATIONNAME = suat.karakusoglu;
				TargetAttributes = {
					E2011D131F6678B30062168F = {
						CreatedOnToolsVersion = 9.0;
						LastSwiftMigration = 0900;
						ProvisioningStyle = Automatic;
					};
					E2011D1C1F6678B30062168F = {
						CreatedOnToolsVersion = 9.0;
						ProvisioningStyle = Automatic;
					};
				};
			};
			buildConfigurationList = E2011D0E1F6678B30062168F /* Build configuration list for PBXProject "SKCollectionView" */;
			compatibilityVersion = "Xcode 8.0";
			developmentRegion = en;
			hasScannedForEncodings = 0;
			knownRegions = (
				en,
			);
			mainGroup = E2011D0A1F6678B30062168F;
			productRefGroup = E2011D151F6678B30062168F /* Products */;
			projectDirPath = "";
			projectRoot = "";
			targets = (
				E2011D131F6678B30062168F /* SKCollectionView */,
				E2011D1C1F6678B30062168F /* SKCollectionViewTests */,
			);
		};
/* End PBXProject section */

/* Begin PBXResourcesBuildPhase section */
		E2011D121F6678B30062168F /* Resources */ = {
			isa = PBXResourcesBuildPhase;
			buildActionMask = 2147483647;
			files = (
				49CC3F491FE3BE6D009F2505 /* SKEndlessCCell.xib in Resources */,
				4919888C1FD43A6D0077D130 /* SKCollectionEmptyCaseCCell.xib in Resources */,
				49CC3F591FE40CA6009F2505 /* icon_loading.png in Resources */,
			);
			runOnlyForDeploymentPostprocessing = 0;
		};
		E2011D1B1F6678B30062168F /* Resources */ = {
			isa = PBXResourcesBuildPhase;
			buildActionMask = 2147483647;
			files = (
			);
			runOnlyForDeploymentPostprocessing = 0;
		};
/* End PBXResourcesBuildPhase section */

/* Begin PBXSourcesBuildPhase section */
		E2011D0F1F6678B30062168F /* Sources */ = {
			isa = PBXSourcesBuildPhase;
			buildActionMask = 2147483647;
			files = (
				4919888B1FD43A6D0077D130 /* SKCollectionEmptyCaseCCell.swift in Sources */,
				49CC3F4B1FE3BE8D009F2505 /* SKEndlessCModel.swift in Sources */,
				E2011D421F6679550062168F /* SKCollectionViewXDataSource.swift in Sources */,
				4919888E1FD43A810077D130 /* SKCollectionEmptyCaseCModel.swift in Sources */,
				491988911FD469990077D130 /* SKButtonInfo.swift in Sources */,
				E2011D3F1F6679550062168F /* SKCollectionReusableModel.swift in Sources */,
				E2011D3E1F6679550062168F /* SKCollectionViewXDelegate.swift in Sources */,
				49CC3F5B1FE443EC009F2505 /* SKCollectionViewXInsertions.swift in Sources */,
				E2011D391F6679550062168F /* SKCollectionViewXPullToRefresh.swift in Sources */,
				491988931FD469C20077D130 /* SKEmptyCaseInfo.swift in Sources */,
				49CC3F521FE3E98E009F2505 /* SKCollectionViewXScrollView.swift in Sources */,
				E2011D401F6679550062168F /* SKCollectionCell.swift in Sources */,
				E2011D431F6679550062168F /* SKCollectionViewXDelegateFlowLayout.swift in Sources */,
				49CC3F541FE3EA0A009F2505 /* SKCollectionViewXRegistrations.swift in Sources */,
				49CE1BE721C5CF3B00FB2DFA /* SKCollectionViewXMoves.swift in Sources */,
				E2011D3B1F6679550062168F /* SKCollectionView.swift in Sources */,
				491988871FD4392D0077D130 /* SKCollectionViewXEmptyCase.swift in Sources */,
				49CC3F481FE3BE6D009F2505 /* SKEndlessCCell.swift in Sources */,
				E2011D3A1F6679550062168F /* SKCollectionData.swift in Sources */,
				E2011D3D1F6679550062168F /* SKCollectionModel.swift in Sources */,
				E2011D3C1F6679550062168F /* SKCollectionModelProtocol.swift in Sources */,
				E2011D411F6679550062168F /* SKCollectionReusableView.swift in Sources */,
				49CC3F5D1FE44437009F2505 /* SKCollectionViewXDeletions.swift in Sources */,
				E2011D451F6679D90062168F /* SKExtensions.swift in Sources */,
			);
			runOnlyForDeploymentPostprocessing = 0;
		};
		E2011D191F6678B30062168F /* Sources */ = {
			isa = PBXSourcesBuildPhase;
			buildActionMask = 2147483647;
			files = (
				E2011D231F6678B30062168F /* SKCollectionViewTests.swift in Sources */,
			);
			runOnlyForDeploymentPostprocessing = 0;
		};
/* End PBXSourcesBuildPhase section */

/* Begin PBXTargetDependency section */
		E2011D201F6678B30062168F /* PBXTargetDependency */ = {
			isa = PBXTargetDependency;
			target = E2011D131F6678B30062168F /* SKCollectionView */;
			targetProxy = E2011D1F1F6678B30062168F /* PBXContainerItemProxy */;
		};
/* End PBXTargetDependency section */

/* Begin XCBuildConfiguration section */
		A2193EDA1F9EA9D300D0A40B /* TestConfiguration */ = {
			isa = XCBuildConfiguration;
			buildSettings = {
				ALWAYS_SEARCH_USER_PATHS = NO;
				CLANG_ANALYZER_NONNULL = YES;
				CLANG_ANALYZER_NUMBER_OBJECT_CONVERSION = YES_AGGRESSIVE;
				CLANG_CXX_LANGUAGE_STANDARD = "gnu++14";
				CLANG_CXX_LIBRARY = "libc++";
				CLANG_ENABLE_MODULES = YES;
				CLANG_ENABLE_OBJC_ARC = YES;
				CLANG_WARN_BLOCK_CAPTURE_AUTORELEASING = YES;
				CLANG_WARN_BOOL_CONVERSION = YES;
				CLANG_WARN_COMMA = YES;
				CLANG_WARN_CONSTANT_CONVERSION = YES;
				CLANG_WARN_DEPRECATED_OBJC_IMPLEMENTATIONS = YES;
				CLANG_WARN_DIRECT_OBJC_ISA_USAGE = YES_ERROR;
				CLANG_WARN_DOCUMENTATION_COMMENTS = YES;
				CLANG_WARN_EMPTY_BODY = YES;
				CLANG_WARN_ENUM_CONVERSION = YES;
				CLANG_WARN_INFINITE_RECURSION = YES;
				CLANG_WARN_INT_CONVERSION = YES;
				CLANG_WARN_NON_LITERAL_NULL_CONVERSION = YES;
				CLANG_WARN_OBJC_IMPLICIT_RETAIN_SELF = YES;
				CLANG_WARN_OBJC_LITERAL_CONVERSION = YES;
				CLANG_WARN_OBJC_ROOT_CLASS = YES_ERROR;
				CLANG_WARN_RANGE_LOOP_ANALYSIS = YES;
				CLANG_WARN_STRICT_PROTOTYPES = YES;
				CLANG_WARN_SUSPICIOUS_MOVE = YES;
				CLANG_WARN_UNGUARDED_AVAILABILITY = YES_AGGRESSIVE;
				CLANG_WARN_UNREACHABLE_CODE = YES;
				CLANG_WARN__DUPLICATE_METHOD_MATCH = YES;
				CODE_SIGN_IDENTITY = "iPhone Developer";
				COPY_PHASE_STRIP = NO;
				CURRENT_PROJECT_VERSION = 1;
				DEBUG_INFORMATION_FORMAT = dwarf;
				ENABLE_STRICT_OBJC_MSGSEND = YES;
				ENABLE_TESTABILITY = YES;
				GCC_C_LANGUAGE_STANDARD = gnu11;
				GCC_DYNAMIC_NO_PIC = NO;
				GCC_NO_COMMON_BLOCKS = YES;
				GCC_OPTIMIZATION_LEVEL = 0;
				GCC_PREPROCESSOR_DEFINITIONS = (
					"DEBUG=1",
					"$(inherited)",
				);
				GCC_WARN_64_TO_32_BIT_CONVERSION = YES;
				GCC_WARN_ABOUT_RETURN_TYPE = YES_ERROR;
				GCC_WARN_UNDECLARED_SELECTOR = YES;
				GCC_WARN_UNINITIALIZED_AUTOS = YES_AGGRESSIVE;
				GCC_WARN_UNUSED_FUNCTION = YES;
				GCC_WARN_UNUSED_VARIABLE = YES;
				IPHONEOS_DEPLOYMENT_TARGET = 11.0;
				MTL_ENABLE_DEBUG_INFO = YES;
				ONLY_ACTIVE_ARCH = YES;
				SDKROOT = iphoneos;
				SWIFT_ACTIVE_COMPILATION_CONDITIONS = DEBUG;
				SWIFT_OPTIMIZATION_LEVEL = "-Onone";
				VERSIONING_SYSTEM = "apple-generic";
				VERSION_INFO_PREFIX = "";
			};
			name = TestConfiguration;
		};
		A2193EDB1F9EA9D300D0A40B /* TestConfiguration */ = {
			isa = XCBuildConfiguration;
			buildSettings = {
				CLANG_ENABLE_MODULES = YES;
				CODE_SIGN_IDENTITY = "";
				CODE_SIGN_STYLE = Automatic;
				DEFINES_MODULE = YES;
				DEVELOPMENT_TEAM = M5G4V3E2PX;
				DYLIB_COMPATIBILITY_VERSION = 1;
				DYLIB_CURRENT_VERSION = 1;
				DYLIB_INSTALL_NAME_BASE = "@rpath";
				INFOPLIST_FILE = SKCollectionView/Info.plist;
				INSTALL_PATH = "$(LOCAL_LIBRARY_DIR)/Frameworks";
				IPHONEOS_DEPLOYMENT_TARGET = 11.0;
				LD_RUNPATH_SEARCH_PATHS = "$(inherited) @executable_path/Frameworks @loader_path/Frameworks";
				PRODUCT_BUNDLE_IDENTIFIER = com.zamekan.SKCollectionView;
				PRODUCT_NAME = "$(TARGET_NAME:c99extidentifier)";
				SKIP_INSTALL = YES;
				SWIFT_OPTIMIZATION_LEVEL = "-Onone";
				SWIFT_VERSION = 4.0;
				TARGETED_DEVICE_FAMILY = "1,2";
			};
			name = TestConfiguration;
		};
		A2193EDC1F9EA9D300D0A40B /* TestConfiguration */ = {
			isa = XCBuildConfiguration;
			buildSettings = {
				ALWAYS_EMBED_SWIFT_STANDARD_LIBRARIES = YES;
				CODE_SIGN_STYLE = Automatic;
				DEVELOPMENT_TEAM = RX9GZP767B;
				INFOPLIST_FILE = SKCollectionViewTests/Info.plist;
				LD_RUNPATH_SEARCH_PATHS = "$(inherited) @executable_path/Frameworks @loader_path/Frameworks";
				PRODUCT_BUNDLE_IDENTIFIER = com.zamekan.SKCollectionViewTests;
				PRODUCT_NAME = "$(TARGET_NAME)";
				SWIFT_VERSION = 4.0;
				TARGETED_DEVICE_FAMILY = "1,2";
			};
			name = TestConfiguration;
		};
		A2193EDD1F9EA9EC00D0A40B /* StagingConfiguration */ = {
			isa = XCBuildConfiguration;
			buildSettings = {
				ALWAYS_SEARCH_USER_PATHS = NO;
				CLANG_ANALYZER_NONNULL = YES;
				CLANG_ANALYZER_NUMBER_OBJECT_CONVERSION = YES_AGGRESSIVE;
				CLANG_CXX_LANGUAGE_STANDARD = "gnu++14";
				CLANG_CXX_LIBRARY = "libc++";
				CLANG_ENABLE_MODULES = YES;
				CLANG_ENABLE_OBJC_ARC = YES;
				CLANG_WARN_BLOCK_CAPTURE_AUTORELEASING = YES;
				CLANG_WARN_BOOL_CONVERSION = YES;
				CLANG_WARN_COMMA = YES;
				CLANG_WARN_CONSTANT_CONVERSION = YES;
				CLANG_WARN_DEPRECATED_OBJC_IMPLEMENTATIONS = YES;
				CLANG_WARN_DIRECT_OBJC_ISA_USAGE = YES_ERROR;
				CLANG_WARN_DOCUMENTATION_COMMENTS = YES;
				CLANG_WARN_EMPTY_BODY = YES;
				CLANG_WARN_ENUM_CONVERSION = YES;
				CLANG_WARN_INFINITE_RECURSION = YES;
				CLANG_WARN_INT_CONVERSION = YES;
				CLANG_WARN_NON_LITERAL_NULL_CONVERSION = YES;
				CLANG_WARN_OBJC_IMPLICIT_RETAIN_SELF = YES;
				CLANG_WARN_OBJC_LITERAL_CONVERSION = YES;
				CLANG_WARN_OBJC_ROOT_CLASS = YES_ERROR;
				CLANG_WARN_RANGE_LOOP_ANALYSIS = YES;
				CLANG_WARN_STRICT_PROTOTYPES = YES;
				CLANG_WARN_SUSPICIOUS_MOVE = YES;
				CLANG_WARN_UNGUARDED_AVAILABILITY = YES_AGGRESSIVE;
				CLANG_WARN_UNREACHABLE_CODE = YES;
				CLANG_WARN__DUPLICATE_METHOD_MATCH = YES;
				CODE_SIGN_IDENTITY = "iPhone Developer";
				COPY_PHASE_STRIP = NO;
				CURRENT_PROJECT_VERSION = 1;
				DEBUG_INFORMATION_FORMAT = dwarf;
				ENABLE_STRICT_OBJC_MSGSEND = YES;
				ENABLE_TESTABILITY = YES;
				GCC_C_LANGUAGE_STANDARD = gnu11;
				GCC_DYNAMIC_NO_PIC = NO;
				GCC_NO_COMMON_BLOCKS = YES;
				GCC_OPTIMIZATION_LEVEL = 0;
				GCC_PREPROCESSOR_DEFINITIONS = (
					"DEBUG=1",
					"$(inherited)",
				);
				GCC_WARN_64_TO_32_BIT_CONVERSION = YES;
				GCC_WARN_ABOUT_RETURN_TYPE = YES_ERROR;
				GCC_WARN_UNDECLARED_SELECTOR = YES;
				GCC_WARN_UNINITIALIZED_AUTOS = YES_AGGRESSIVE;
				GCC_WARN_UNUSED_FUNCTION = YES;
				GCC_WARN_UNUSED_VARIABLE = YES;
				IPHONEOS_DEPLOYMENT_TARGET = 11.0;
				MTL_ENABLE_DEBUG_INFO = YES;
				ONLY_ACTIVE_ARCH = YES;
				SDKROOT = iphoneos;
				SWIFT_ACTIVE_COMPILATION_CONDITIONS = DEBUG;
				SWIFT_OPTIMIZATION_LEVEL = "-Onone";
				VERSIONING_SYSTEM = "apple-generic";
				VERSION_INFO_PREFIX = "";
			};
			name = StagingConfiguration;
		};
		A2193EDE1F9EA9EC00D0A40B /* StagingConfiguration */ = {
			isa = XCBuildConfiguration;
			buildSettings = {
				CLANG_ENABLE_MODULES = YES;
				CODE_SIGN_IDENTITY = "";
				CODE_SIGN_STYLE = Automatic;
				DEFINES_MODULE = YES;
				DEVELOPMENT_TEAM = M5G4V3E2PX;
				DYLIB_COMPATIBILITY_VERSION = 1;
				DYLIB_CURRENT_VERSION = 1;
				DYLIB_INSTALL_NAME_BASE = "@rpath";
				INFOPLIST_FILE = SKCollectionView/Info.plist;
				INSTALL_PATH = "$(LOCAL_LIBRARY_DIR)/Frameworks";
				IPHONEOS_DEPLOYMENT_TARGET = 11.0;
				LD_RUNPATH_SEARCH_PATHS = "$(inherited) @executable_path/Frameworks @loader_path/Frameworks";
				PRODUCT_BUNDLE_IDENTIFIER = com.zamekan.SKCollectionView;
				PRODUCT_NAME = "$(TARGET_NAME:c99extidentifier)";
				SKIP_INSTALL = YES;
				SWIFT_OPTIMIZATION_LEVEL = "-Onone";
				SWIFT_VERSION = 4.0;
				TARGETED_DEVICE_FAMILY = "1,2";
			};
			name = StagingConfiguration;
		};
		A2193EDF1F9EA9EC00D0A40B /* StagingConfiguration */ = {
			isa = XCBuildConfiguration;
			buildSettings = {
				ALWAYS_EMBED_SWIFT_STANDARD_LIBRARIES = YES;
				CODE_SIGN_STYLE = Automatic;
				DEVELOPMENT_TEAM = RX9GZP767B;
				INFOPLIST_FILE = SKCollectionViewTests/Info.plist;
				LD_RUNPATH_SEARCH_PATHS = "$(inherited) @executable_path/Frameworks @loader_path/Frameworks";
				PRODUCT_BUNDLE_IDENTIFIER = com.zamekan.SKCollectionViewTests;
				PRODUCT_NAME = "$(TARGET_NAME)";
				SWIFT_VERSION = 4.0;
				TARGETED_DEVICE_FAMILY = "1,2";
			};
			name = StagingConfiguration;
		};
		A2193EE31F9EA9FE00D0A40B /* ProductionConfiguration */ = {
			isa = XCBuildConfiguration;
			buildSettings = {
				ALWAYS_SEARCH_USER_PATHS = NO;
				CLANG_ANALYZER_NONNULL = YES;
				CLANG_ANALYZER_NUMBER_OBJECT_CONVERSION = YES_AGGRESSIVE;
				CLANG_CXX_LANGUAGE_STANDARD = "gnu++14";
				CLANG_CXX_LIBRARY = "libc++";
				CLANG_ENABLE_MODULES = YES;
				CLANG_ENABLE_OBJC_ARC = YES;
				CLANG_WARN_BLOCK_CAPTURE_AUTORELEASING = YES;
				CLANG_WARN_BOOL_CONVERSION = YES;
				CLANG_WARN_COMMA = YES;
				CLANG_WARN_CONSTANT_CONVERSION = YES;
				CLANG_WARN_DEPRECATED_OBJC_IMPLEMENTATIONS = YES;
				CLANG_WARN_DIRECT_OBJC_ISA_USAGE = YES_ERROR;
				CLANG_WARN_DOCUMENTATION_COMMENTS = YES;
				CLANG_WARN_EMPTY_BODY = YES;
				CLANG_WARN_ENUM_CONVERSION = YES;
				CLANG_WARN_INFINITE_RECURSION = YES;
				CLANG_WARN_INT_CONVERSION = YES;
				CLANG_WARN_NON_LITERAL_NULL_CONVERSION = YES;
				CLANG_WARN_OBJC_IMPLICIT_RETAIN_SELF = YES;
				CLANG_WARN_OBJC_LITERAL_CONVERSION = YES;
				CLANG_WARN_OBJC_ROOT_CLASS = YES_ERROR;
				CLANG_WARN_RANGE_LOOP_ANALYSIS = YES;
				CLANG_WARN_STRICT_PROTOTYPES = YES;
				CLANG_WARN_SUSPICIOUS_MOVE = YES;
				CLANG_WARN_UNGUARDED_AVAILABILITY = YES_AGGRESSIVE;
				CLANG_WARN_UNREACHABLE_CODE = YES;
				CLANG_WARN__DUPLICATE_METHOD_MATCH = YES;
				CODE_SIGN_IDENTITY = "iPhone Developer";
				COPY_PHASE_STRIP = NO;
				CURRENT_PROJECT_VERSION = 1;
				DEBUG_INFORMATION_FORMAT = "dwarf-with-dsym";
				ENABLE_NS_ASSERTIONS = NO;
				ENABLE_STRICT_OBJC_MSGSEND = YES;
				GCC_C_LANGUAGE_STANDARD = gnu11;
				GCC_NO_COMMON_BLOCKS = YES;
				GCC_WARN_64_TO_32_BIT_CONVERSION = YES;
				GCC_WARN_ABOUT_RETURN_TYPE = YES_ERROR;
				GCC_WARN_UNDECLARED_SELECTOR = YES;
				GCC_WARN_UNINITIALIZED_AUTOS = YES_AGGRESSIVE;
				GCC_WARN_UNUSED_FUNCTION = YES;
				GCC_WARN_UNUSED_VARIABLE = YES;
				IPHONEOS_DEPLOYMENT_TARGET = 11.0;
				MTL_ENABLE_DEBUG_INFO = NO;
				SDKROOT = iphoneos;
				SWIFT_OPTIMIZATION_LEVEL = "-Owholemodule";
				VALIDATE_PRODUCT = YES;
				VERSIONING_SYSTEM = "apple-generic";
				VERSION_INFO_PREFIX = "";
			};
			name = ProductionConfiguration;
		};
		A2193EE41F9EA9FE00D0A40B /* ProductionConfiguration */ = {
			isa = XCBuildConfiguration;
			buildSettings = {
				CLANG_ENABLE_MODULES = YES;
				CODE_SIGN_IDENTITY = "";
				CODE_SIGN_STYLE = Automatic;
				DEFINES_MODULE = YES;
				DEVELOPMENT_TEAM = M5G4V3E2PX;
				DYLIB_COMPATIBILITY_VERSION = 1;
				DYLIB_CURRENT_VERSION = 1;
				DYLIB_INSTALL_NAME_BASE = "@rpath";
				INFOPLIST_FILE = SKCollectionView/Info.plist;
				INSTALL_PATH = "$(LOCAL_LIBRARY_DIR)/Frameworks";
				IPHONEOS_DEPLOYMENT_TARGET = 11.0;
				LD_RUNPATH_SEARCH_PATHS = "$(inherited) @executable_path/Frameworks @loader_path/Frameworks";
				PRODUCT_BUNDLE_IDENTIFIER = com.zamekan.SKCollectionView;
				PRODUCT_NAME = "$(TARGET_NAME:c99extidentifier)";
				SKIP_INSTALL = YES;
				SWIFT_VERSION = 4.0;
				TARGETED_DEVICE_FAMILY = "1,2";
			};
			name = ProductionConfiguration;
		};
		A2193EE51F9EA9FE00D0A40B /* ProductionConfiguration */ = {
			isa = XCBuildConfiguration;
			buildSettings = {
				ALWAYS_EMBED_SWIFT_STANDARD_LIBRARIES = YES;
				CODE_SIGN_STYLE = Automatic;
				DEVELOPMENT_TEAM = RX9GZP767B;
				INFOPLIST_FILE = SKCollectionViewTests/Info.plist;
				LD_RUNPATH_SEARCH_PATHS = "$(inherited) @executable_path/Frameworks @loader_path/Frameworks";
				PRODUCT_BUNDLE_IDENTIFIER = com.zamekan.SKCollectionViewTests;
				PRODUCT_NAME = "$(TARGET_NAME)";
				SWIFT_VERSION = 4.0;
				TARGETED_DEVICE_FAMILY = "1,2";
			};
			name = ProductionConfiguration;
		};
/* End XCBuildConfiguration section */

/* Begin XCConfigurationList section */
		E2011D0E1F6678B30062168F /* Build configuration list for PBXProject "SKCollectionView" */ = {
			isa = XCConfigurationList;
			buildConfigurations = (
				A2193EDD1F9EA9EC00D0A40B /* StagingConfiguration */,
				A2193EDA1F9EA9D300D0A40B /* TestConfiguration */,
				A2193EE31F9EA9FE00D0A40B /* ProductionConfiguration */,
			);
			defaultConfigurationIsVisible = 0;
			defaultConfigurationName = StagingConfiguration;
		};
		E2011D281F6678B30062168F /* Build configuration list for PBXNativeTarget "SKCollectionView" */ = {
			isa = XCConfigurationList;
			buildConfigurations = (
				A2193EDE1F9EA9EC00D0A40B /* StagingConfiguration */,
				A2193EDB1F9EA9D300D0A40B /* TestConfiguration */,
				A2193EE41F9EA9FE00D0A40B /* ProductionConfiguration */,
			);
			defaultConfigurationIsVisible = 0;
			defaultConfigurationName = StagingConfiguration;
		};
		E2011D2B1F6678B30062168F /* Build configuration list for PBXNativeTarget "SKCollectionViewTests" */ = {
			isa = XCConfigurationList;
			buildConfigurations = (
				A2193EDF1F9EA9EC00D0A40B /* StagingConfiguration */,
				A2193EDC1F9EA9D300D0A40B /* TestConfiguration */,
				A2193EE51F9EA9FE00D0A40B /* ProductionConfiguration */,
			);
			defaultConfigurationIsVisible = 0;
			defaultConfigurationName = StagingConfiguration;
		};
/* End XCConfigurationList section */
	};
	rootObject = E2011D0B1F6678B30062168F /* Project object */;
}
